
Microsoft Visual Studio Solution File, Format Version 12.00
# Visual Studio 15
VisualStudioVersion = 15.0.26730.3
MinimumVisualStudioVersion = 10.0.40219.1
Project("{FAE04EC0-301F-11D3-BF4B-00C04F79EFBC}") = "LunchRecommendations", "LunchRecommendations\LunchRecommendations.csproj", "{37E20B12-CEE3-47D1-AC06-A560501D264A}"
EndProject
Global
	GlobalSection(SolutionConfigurationPlatforms) = preSolution
		Debug|Any CPU = Debug|Any CPU
		Release|Any CPU = Release|Any CPU
	EndGlobalSection
	GlobalSection(ProjectConfigurationPlatforms) = postSolution
		{37E20B12-CEE3-47D1-AC06-A560501D264A}.Debug|Any CPU.ActiveCfg = Debug|Any CPU
		{37E20B12-CEE3-47D1-AC06-A560501D264A}.Debug|Any CPU.Build.0 = Debug|Any CPU
		{37E20B12-CEE3-47D1-AC06-A560501D264A}.Release|Any CPU.ActiveCfg = Release|Any CPU
		{37E20B12-CEE3-47D1-AC06-A560501D264A}.Release|Any CPU.Build.0 = Release|Any CPU
	EndGlobalSection
	GlobalSection(SolutionProperties) = preSolution
		HideSolutionNode = FALSE
	EndGlobalSection
	GlobalSection(ExtensibilityGlobals) = postSolution
		SolutionGuid = {D42A9407-9FC5-42C4-971C-E72C2C02EC44}
	EndGlobalSection
EndGlobal
